
Microsoft Visual Studio Solution File, Format Version 12.00
# Visual Studio Version 17
VisualStudioVersion = 17.8.34316.72
MinimumVisualStudioVersion = 10.0.40219.1
Project("{FAE04EC0-301F-11D3-BF4B-00C04F79EFBC}") = "Q-7 Checking Even or Odd numbers", "Q-7 Checking Even or Odd numbers.csproj", "{23CA885E-A349-4C83-A689-B79E537E32A9}"
EndProject
Global
	GlobalSection(SolutionConfigurationPlatforms) = preSolution
		Debug|Any CPU = Debug|Any CPU
		Release|Any CPU = Release|Any CPU
	EndGlobalSection
	GlobalSection(ProjectConfigurationPlatforms) = postSolution
		{23CA885E-A349-4C83-A689-B79E537E32A9}.Debug|Any CPU.ActiveCfg = Debug|Any CPU
		{23CA885E-A349-4C83-A689-B79E537E32A9}.Debug|Any CPU.Build.0 = Debug|Any CPU
		{23CA885E-A349-4C83-A689-B79E537E32A9}.Release|Any CPU.ActiveCfg = Release|Any CPU
		{23CA885E-A349-4C83-A689-B79E537E32A9}.Release|Any CPU.Build.0 = Release|Any CPU
	EndGlobalSection
	GlobalSection(SolutionProperties) = preSolution
		HideSolutionNode = FALSE
	EndGlobalSection
	GlobalSection(ExtensibilityGlobals) = postSolution
		SolutionGuid = {C7A516E5-B634-480B-83CA-318DD0F164F6}
	EndGlobalSection
EndGlobal
