
Microsoft Visual Studio Solution File, Format Version 12.00
# Visual Studio Version 17
VisualStudioVersion = 17.8.34316.72
MinimumVisualStudioVersion = 10.0.40219.1
Project("{FAE04EC0-301F-11D3-BF4B-00C04F79EFBC}") = "Q-10 checking prime number", "Q-10 checking prime number.csproj", "{0F0A3B34-6065-4C56-979D-6F7DCBCC5A16}"
EndProject
Global
	GlobalSection(SolutionConfigurationPlatforms) = preSolution
		Debug|Any CPU = Debug|Any CPU
		Release|Any CPU = Release|Any CPU
	EndGlobalSection
	GlobalSection(ProjectConfigurationPlatforms) = postSolution
		{0F0A3B34-6065-4C56-979D-6F7DCBCC5A16}.Debug|Any CPU.ActiveCfg = Debug|Any CPU
		{0F0A3B34-6065-4C56-979D-6F7DCBCC5A16}.Debug|Any CPU.Build.0 = Debug|Any CPU
		{0F0A3B34-6065-4C56-979D-6F7DCBCC5A16}.Release|Any CPU.ActiveCfg = Release|Any CPU
		{0F0A3B34-6065-4C56-979D-6F7DCBCC5A16}.Release|Any CPU.Build.0 = Release|Any CPU
	EndGlobalSection
	GlobalSection(SolutionProperties) = preSolution
		HideSolutionNode = FALSE
	EndGlobalSection
	GlobalSection(ExtensibilityGlobals) = postSolution
		SolutionGuid = {FB96B6BC-7BE4-4623-B2FD-61EC4B0A500A}
	EndGlobalSection
EndGlobal
