
Microsoft Visual Studio Solution File, Format Version 12.00
# Visual Studio Version 17
VisualStudioVersion = 17.8.34316.72
MinimumVisualStudioVersion = 10.0.40219.1
Project("{FAE04EC0-301F-11D3-BF4B-00C04F79EFBC}") = "Q-12 Given string is palindrome or not", "Q-12 Given string is palindrome or not.csproj", "{7DBC09F9-738B-4DBF-AC25-B6FBA8DFAC1F}"
EndProject
Global
	GlobalSection(SolutionConfigurationPlatforms) = preSolution
		Debug|Any CPU = Debug|Any CPU
		Release|Any CPU = Release|Any CPU
	EndGlobalSection
	GlobalSection(ProjectConfigurationPlatforms) = postSolution
		{7DBC09F9-738B-4DBF-AC25-B6FBA8DFAC1F}.Debug|Any CPU.ActiveCfg = Debug|Any CPU
		{7DBC09F9-738B-4DBF-AC25-B6FBA8DFAC1F}.Debug|Any CPU.Build.0 = Debug|Any CPU
		{7DBC09F9-738B-4DBF-AC25-B6FBA8DFAC1F}.Release|Any CPU.ActiveCfg = Release|Any CPU
		{7DBC09F9-738B-4DBF-AC25-B6FBA8DFAC1F}.Release|Any CPU.Build.0 = Release|Any CPU
	EndGlobalSection
	GlobalSection(SolutionProperties) = preSolution
		HideSolutionNode = FALSE
	EndGlobalSection
	GlobalSection(ExtensibilityGlobals) = postSolution
		SolutionGuid = {3FFB2D5D-D16B-4ED1-A042-A2B077725BB5}
	EndGlobalSection
EndGlobal
