
Microsoft Visual Studio Solution File, Format Version 12.00
# Visual Studio Version 17
VisualStudioVersion = 17.8.34316.72
MinimumVisualStudioVersion = 10.0.40219.1
Project("{FAE04EC0-301F-11D3-BF4B-00C04F79EFBC}") = "multiplication of an given range", "multiplication of an given range.csproj", "{E437B306-5213-4060-BBDC-1DCD23409B16}"
EndProject
Global
	GlobalSection(SolutionConfigurationPlatforms) = preSolution
		Debug|Any CPU = Debug|Any CPU
		Release|Any CPU = Release|Any CPU
	EndGlobalSection
	GlobalSection(ProjectConfigurationPlatforms) = postSolution
		{E437B306-5213-4060-BBDC-1DCD23409B16}.Debug|Any CPU.ActiveCfg = Debug|Any CPU
		{E437B306-5213-4060-BBDC-1DCD23409B16}.Debug|Any CPU.Build.0 = Debug|Any CPU
		{E437B306-5213-4060-BBDC-1DCD23409B16}.Release|Any CPU.ActiveCfg = Release|Any CPU
		{E437B306-5213-4060-BBDC-1DCD23409B16}.Release|Any CPU.Build.0 = Release|Any CPU
	EndGlobalSection
	GlobalSection(SolutionProperties) = preSolution
		HideSolutionNode = FALSE
	EndGlobalSection
	GlobalSection(ExtensibilityGlobals) = postSolution
		SolutionGuid = {A2B867DA-4E46-4C12-9E4C-FEE0BE839231}
	EndGlobalSection
EndGlobal
