
Microsoft Visual Studio Solution File, Format Version 12.00
# Visual Studio Version 17
VisualStudioVersion = 17.8.34316.72
MinimumVisualStudioVersion = 10.0.40219.1
Project("{FAE04EC0-301F-11D3-BF4B-00C04F79EFBC}") = "Q-8 printing even numbers sum of even numbers and count of even numbers", "Q-8 printing even numbers sum of even numbers and count of even numbers.csproj", "{2562059D-81D1-4660-B902-AC579A10D880}"
EndProject
Global
	GlobalSection(SolutionConfigurationPlatforms) = preSolution
		Debug|Any CPU = Debug|Any CPU
		Release|Any CPU = Release|Any CPU
	EndGlobalSection
	GlobalSection(ProjectConfigurationPlatforms) = postSolution
		{2562059D-81D1-4660-B902-AC579A10D880}.Debug|Any CPU.ActiveCfg = Debug|Any CPU
		{2562059D-81D1-4660-B902-AC579A10D880}.Debug|Any CPU.Build.0 = Debug|Any CPU
		{2562059D-81D1-4660-B902-AC579A10D880}.Release|Any CPU.ActiveCfg = Release|Any CPU
		{2562059D-81D1-4660-B902-AC579A10D880}.Release|Any CPU.Build.0 = Release|Any CPU
	EndGlobalSection
	GlobalSection(SolutionProperties) = preSolution
		HideSolutionNode = FALSE
	EndGlobalSection
	GlobalSection(ExtensibilityGlobals) = postSolution
		SolutionGuid = {D773DE83-8E9E-442F-B4B3-5C57BB153115}
	EndGlobalSection
EndGlobal
